
Microsoft Visual Studio Solution File, Format Version 12.00
# Visual Studio Version 17
VisualStudioVersion = 17.9.34622.214
MinimumVisualStudioVersion = 10.0.40219.1
Project("{FAE04EC0-301F-11D3-BF4B-00C04F79EFBC}") = "Examen01", "Examen01\Examen01.csproj", "{055AC8F9-7CDD-422E-969C-EB86BB663964}"
EndProject
Global
	GlobalSection(SolutionConfigurationPlatforms) = preSolution
		Debug|Any CPU = Debug|Any CPU
		Release|Any CPU = Release|Any CPU
	EndGlobalSection
	GlobalSection(ProjectConfigurationPlatforms) = postSolution
		{055AC8F9-7CDD-422E-969C-EB86BB663964}.Debug|Any CPU.ActiveCfg = Debug|Any CPU
		{055AC8F9-7CDD-422E-969C-EB86BB663964}.Debug|Any CPU.Build.0 = Debug|Any CPU
		{055AC8F9-7CDD-422E-969C-EB86BB663964}.Release|Any CPU.ActiveCfg = Release|Any CPU
		{055AC8F9-7CDD-422E-969C-EB86BB663964}.Release|Any CPU.Build.0 = Release|Any CPU
	EndGlobalSection
	GlobalSection(SolutionProperties) = preSolution
		HideSolutionNode = FALSE
	EndGlobalSection
	GlobalSection(ExtensibilityGlobals) = postSolution
		SolutionGuid = {BDBDA73E-AE04-4331-AD3A-87BB1688C20C}
	EndGlobalSection
EndGlobal
